
Microsoft Visual Studio Solution File, Format Version 12.00
# Visual Studio Version 16
VisualStudioVersion = 16.0.31112.23
MinimumVisualStudioVersion = 10.0.40219.1
Project("{FAE04EC0-301F-11D3-BF4B-00C04F79EFBC}") = "WebApp", "WebApp\WebApp.csproj", "{3F9F8619-BA31-47C7-BCE5-F8B3923BEF62}"
EndProject
Project("{FAE04EC0-301F-11D3-BF4B-00C04F79EFBC}") = "MyBackendServices", "MyBackendServices\MyBackendServices.csproj", "{97FADC84-86FA-41D6-AEBC-404DF8364B58}"
EndProject
Project("{FAE04EC0-301F-11D3-BF4B-00C04F79EFBC}") = "MyBackendServices.Data", "MyBackendServices.Data\MyBackendServices.Data.csproj", "{DED81037-B633-485F-88BD-DE8335AEB620}"
EndProject
Global
	GlobalSection(SolutionConfigurationPlatforms) = preSolution
		Debug|Any CPU = Debug|Any CPU
		Release|Any CPU = Release|Any CPU
	EndGlobalSection
	GlobalSection(ProjectConfigurationPlatforms) = postSolution
		{3F9F8619-BA31-47C7-BCE5-F8B3923BEF62}.Debug|Any CPU.ActiveCfg = Debug|Any CPU
		{3F9F8619-BA31-47C7-BCE5-F8B3923BEF62}.Debug|Any CPU.Build.0 = Debug|Any CPU
		{3F9F8619-BA31-47C7-BCE5-F8B3923BEF62}.Release|Any CPU.ActiveCfg = Release|Any CPU
		{3F9F8619-BA31-47C7-BCE5-F8B3923BEF62}.Release|Any CPU.Build.0 = Release|Any CPU
		{97FADC84-86FA-41D6-AEBC-404DF8364B58}.Debug|Any CPU.ActiveCfg = Debug|Any CPU
		{97FADC84-86FA-41D6-AEBC-404DF8364B58}.Debug|Any CPU.Build.0 = Debug|Any CPU
		{97FADC84-86FA-41D6-AEBC-404DF8364B58}.Release|Any CPU.ActiveCfg = Release|Any CPU
		{97FADC84-86FA-41D6-AEBC-404DF8364B58}.Release|Any CPU.Build.0 = Release|Any CPU
		{DED81037-B633-485F-88BD-DE8335AEB620}.Debug|Any CPU.ActiveCfg = Debug|Any CPU
		{DED81037-B633-485F-88BD-DE8335AEB620}.Debug|Any CPU.Build.0 = Debug|Any CPU
		{DED81037-B633-485F-88BD-DE8335AEB620}.Release|Any CPU.ActiveCfg = Release|Any CPU
		{DED81037-B633-485F-88BD-DE8335AEB620}.Release|Any CPU.Build.0 = Release|Any CPU
	EndGlobalSection
	GlobalSection(SolutionProperties) = preSolution
		HideSolutionNode = FALSE
	EndGlobalSection
	GlobalSection(ExtensibilityGlobals) = postSolution
		SolutionGuid = {ED98CA2B-7F8E-429C-837A-089B85D3A38E}
	EndGlobalSection
EndGlobal
