
Microsoft Visual Studio Solution File, Format Version 12.00
# Visual Studio Version 16
VisualStudioVersion = 16.0.30804.86
MinimumVisualStudioVersion = 10.0.40219.1
Project("{FAE04EC0-301F-11D3-BF4B-00C04F79EFBC}") = "SimpleCLI", "SimpleCLI\SimpleCLI.csproj", "{DB37BC14-0893-4A2B-A102-8DC17BC81F97}"
EndProject
Global
	GlobalSection(SolutionConfigurationPlatforms) = preSolution
		Debug|Any CPU = Debug|Any CPU
		Release|Any CPU = Release|Any CPU
	EndGlobalSection
	GlobalSection(ProjectConfigurationPlatforms) = postSolution
		{DB37BC14-0893-4A2B-A102-8DC17BC81F97}.Debug|Any CPU.ActiveCfg = Debug|Any CPU
		{DB37BC14-0893-4A2B-A102-8DC17BC81F97}.Debug|Any CPU.Build.0 = Debug|Any CPU
		{DB37BC14-0893-4A2B-A102-8DC17BC81F97}.Release|Any CPU.ActiveCfg = Release|Any CPU
		{DB37BC14-0893-4A2B-A102-8DC17BC81F97}.Release|Any CPU.Build.0 = Release|Any CPU
	EndGlobalSection
	GlobalSection(SolutionProperties) = preSolution
		HideSolutionNode = FALSE
	EndGlobalSection
	GlobalSection(ExtensibilityGlobals) = postSolution
		SolutionGuid = {B0BE2ACA-A4C3-4FDF-9CD4-6F4142C498CA}
	EndGlobalSection
EndGlobal
