
Microsoft Visual Studio Solution File, Format Version 12.00
# Visual Studio Version 16
VisualStudioVersion = 16.0.30804.86
MinimumVisualStudioVersion = 10.0.40219.1
Project("{FAE04EC0-301F-11D3-BF4B-00C04F79EFBC}") = "CSharp.Language.Quiz", "CSharp.Language.Quiz\CSharp.Language.Quiz.csproj", "{2EBEED0F-9214-446B-8848-1199AE5B02E7}"
EndProject
Global
	GlobalSection(SolutionConfigurationPlatforms) = preSolution
		Debug|Any CPU = Debug|Any CPU
		Release|Any CPU = Release|Any CPU
	EndGlobalSection
	GlobalSection(ProjectConfigurationPlatforms) = postSolution
		{2EBEED0F-9214-446B-8848-1199AE5B02E7}.Debug|Any CPU.ActiveCfg = Debug|Any CPU
		{2EBEED0F-9214-446B-8848-1199AE5B02E7}.Debug|Any CPU.Build.0 = Debug|Any CPU
		{2EBEED0F-9214-446B-8848-1199AE5B02E7}.Release|Any CPU.ActiveCfg = Release|Any CPU
		{2EBEED0F-9214-446B-8848-1199AE5B02E7}.Release|Any CPU.Build.0 = Release|Any CPU
	EndGlobalSection
	GlobalSection(SolutionProperties) = preSolution
		HideSolutionNode = FALSE
	EndGlobalSection
	GlobalSection(ExtensibilityGlobals) = postSolution
		SolutionGuid = {2C5FB1EA-E680-48A0-B8F9-1727D98BB953}
	EndGlobalSection
EndGlobal
