
Microsoft Visual Studio Solution File, Format Version 12.00
# Visual Studio Version 16
VisualStudioVersion = 16.0.30907.101
MinimumVisualStudioVersion = 10.0.40219.1
Project("{FAE04EC0-301F-11D3-BF4B-00C04F79EFBC}") = "WebApp", "WebApp\WebApp.csproj", "{F2505A21-DCB3-4545-B25B-31B16C4B4750}"
EndProject
Global
	GlobalSection(SolutionConfigurationPlatforms) = preSolution
		Debug|Any CPU = Debug|Any CPU
		Release|Any CPU = Release|Any CPU
	EndGlobalSection
	GlobalSection(ProjectConfigurationPlatforms) = postSolution
		{F2505A21-DCB3-4545-B25B-31B16C4B4750}.Debug|Any CPU.ActiveCfg = Debug|Any CPU
		{F2505A21-DCB3-4545-B25B-31B16C4B4750}.Debug|Any CPU.Build.0 = Debug|Any CPU
		{F2505A21-DCB3-4545-B25B-31B16C4B4750}.Release|Any CPU.ActiveCfg = Release|Any CPU
		{F2505A21-DCB3-4545-B25B-31B16C4B4750}.Release|Any CPU.Build.0 = Release|Any CPU
	EndGlobalSection
	GlobalSection(SolutionProperties) = preSolution
		HideSolutionNode = FALSE
	EndGlobalSection
	GlobalSection(ExtensibilityGlobals) = postSolution
		SolutionGuid = {0F314A66-CC1C-46EA-AB3E-C193176826FC}
	EndGlobalSection
EndGlobal
